
Microsoft Visual Studio Solution File, Format Version 12.00
# Visual Studio Version 17
VisualStudioVersion = 17.6.33723.286
MinimumVisualStudioVersion = 10.0.40219.1
Project("{8BC9CEB8-8B4A-11D0-8D11-00A0C91BC942}") = "c++연습 과제 상관없음", "c++연습 과제 상관없음\c++연습 과제 상관없음.vcxproj", "{A94073A3-90E3-4559-8C79-12A6BCBB9FF4}"
EndProject
Global
	GlobalSection(SolutionConfigurationPlatforms) = preSolution
		Debug|x64 = Debug|x64
		Debug|x86 = Debug|x86
		Release|x64 = Release|x64
		Release|x86 = Release|x86
	EndGlobalSection
	GlobalSection(ProjectConfigurationPlatforms) = postSolution
		{A94073A3-90E3-4559-8C79-12A6BCBB9FF4}.Debug|x64.ActiveCfg = Debug|x64
		{A94073A3-90E3-4559-8C79-12A6BCBB9FF4}.Debug|x64.Build.0 = Debug|x64
		{A94073A3-90E3-4559-8C79-12A6BCBB9FF4}.Debug|x86.ActiveCfg = Debug|Win32
		{A94073A3-90E3-4559-8C79-12A6BCBB9FF4}.Debug|x86.Build.0 = Debug|Win32
		{A94073A3-90E3-4559-8C79-12A6BCBB9FF4}.Release|x64.ActiveCfg = Release|x64
		{A94073A3-90E3-4559-8C79-12A6BCBB9FF4}.Release|x64.Build.0 = Release|x64
		{A94073A3-90E3-4559-8C79-12A6BCBB9FF4}.Release|x86.ActiveCfg = Release|Win32
		{A94073A3-90E3-4559-8C79-12A6BCBB9FF4}.Release|x86.Build.0 = Release|Win32
	EndGlobalSection
	GlobalSection(SolutionProperties) = preSolution
		HideSolutionNode = FALSE
	EndGlobalSection
	GlobalSection(ExtensibilityGlobals) = postSolution
		SolutionGuid = {C4C09E9F-F7A0-4299-84C7-80721E7223CD}
	EndGlobalSection
EndGlobal
